
Microsoft Visual Studio Solution File, Format Version 12.00
# Visual Studio 15
VisualStudioVersion = 15.0.26124.0
MinimumVisualStudioVersion = 15.0.26124.0
Project("{2150E333-8FDC-42A3-9474-1A3956D46DE8}") = "src", "src", "{68C03D51-7437-4F96-B268-8DC5F13F1D0B}"
EndProject
Project("{FAE04EC0-301F-11D3-BF4B-00C04F79EFBC}") = "GradeBook", "src\GradeBook\GradeBook.csproj", "{3474416E-CE98-4176-BAAC-7C34AB18CCAB}"
EndProject
Project("{2150E333-8FDC-42A3-9474-1A3956D46DE8}") = "test", "test", "{5E99674C-EC81-4110-B533-379A50AD7B14}"
EndProject
Project("{FAE04EC0-301F-11D3-BF4B-00C04F79EFBC}") = "GradeBook.Tests", "test\GradeBook.Tests\GradeBook.Tests.csproj", "{3F462E64-1663-4A5E-A92B-1AA994380100}"
EndProject
Global
	GlobalSection(SolutionConfigurationPlatforms) = preSolution
		Debug|Any CPU = Debug|Any CPU
		Debug|x64 = Debug|x64
		Debug|x86 = Debug|x86
		Release|Any CPU = Release|Any CPU
		Release|x64 = Release|x64
		Release|x86 = Release|x86
	EndGlobalSection
	GlobalSection(SolutionProperties) = preSolution
		HideSolutionNode = FALSE
	EndGlobalSection
	GlobalSection(ProjectConfigurationPlatforms) = postSolution
		{3474416E-CE98-4176-BAAC-7C34AB18CCAB}.Debug|Any CPU.ActiveCfg = Debug|Any CPU
		{3474416E-CE98-4176-BAAC-7C34AB18CCAB}.Debug|Any CPU.Build.0 = Debug|Any CPU
		{3474416E-CE98-4176-BAAC-7C34AB18CCAB}.Debug|x64.ActiveCfg = Debug|Any CPU
		{3474416E-CE98-4176-BAAC-7C34AB18CCAB}.Debug|x64.Build.0 = Debug|Any CPU
		{3474416E-CE98-4176-BAAC-7C34AB18CCAB}.Debug|x86.ActiveCfg = Debug|Any CPU
		{3474416E-CE98-4176-BAAC-7C34AB18CCAB}.Debug|x86.Build.0 = Debug|Any CPU
		{3474416E-CE98-4176-BAAC-7C34AB18CCAB}.Release|Any CPU.ActiveCfg = Release|Any CPU
		{3474416E-CE98-4176-BAAC-7C34AB18CCAB}.Release|Any CPU.Build.0 = Release|Any CPU
		{3474416E-CE98-4176-BAAC-7C34AB18CCAB}.Release|x64.ActiveCfg = Release|Any CPU
		{3474416E-CE98-4176-BAAC-7C34AB18CCAB}.Release|x64.Build.0 = Release|Any CPU
		{3474416E-CE98-4176-BAAC-7C34AB18CCAB}.Release|x86.ActiveCfg = Release|Any CPU
		{3474416E-CE98-4176-BAAC-7C34AB18CCAB}.Release|x86.Build.0 = Release|Any CPU
		{3F462E64-1663-4A5E-A92B-1AA994380100}.Debug|Any CPU.ActiveCfg = Debug|Any CPU
		{3F462E64-1663-4A5E-A92B-1AA994380100}.Debug|Any CPU.Build.0 = Debug|Any CPU
		{3F462E64-1663-4A5E-A92B-1AA994380100}.Debug|x64.ActiveCfg = Debug|Any CPU
		{3F462E64-1663-4A5E-A92B-1AA994380100}.Debug|x64.Build.0 = Debug|Any CPU
		{3F462E64-1663-4A5E-A92B-1AA994380100}.Debug|x86.ActiveCfg = Debug|Any CPU
		{3F462E64-1663-4A5E-A92B-1AA994380100}.Debug|x86.Build.0 = Debug|Any CPU
		{3F462E64-1663-4A5E-A92B-1AA994380100}.Release|Any CPU.ActiveCfg = Release|Any CPU
		{3F462E64-1663-4A5E-A92B-1AA994380100}.Release|Any CPU.Build.0 = Release|Any CPU
		{3F462E64-1663-4A5E-A92B-1AA994380100}.Release|x64.ActiveCfg = Release|Any CPU
		{3F462E64-1663-4A5E-A92B-1AA994380100}.Release|x64.Build.0 = Release|Any CPU
		{3F462E64-1663-4A5E-A92B-1AA994380100}.Release|x86.ActiveCfg = Release|Any CPU
		{3F462E64-1663-4A5E-A92B-1AA994380100}.Release|x86.Build.0 = Release|Any CPU
	EndGlobalSection
	GlobalSection(NestedProjects) = preSolution
		{3474416E-CE98-4176-BAAC-7C34AB18CCAB} = {68C03D51-7437-4F96-B268-8DC5F13F1D0B}
		{3F462E64-1663-4A5E-A92B-1AA994380100} = {5E99674C-EC81-4110-B533-379A50AD7B14}
	EndGlobalSection
EndGlobal
